github.com/google/go-cmp v0.5.9 h1:O2Tfq5qg4qc4AmwVlvv0oLiVAGB7enBSJ2x2DqQFi38=
github.com/josharian/native v1.0.0 h1:Ts/E8zCSEsG17dUqv7joXJFybuMLjQfWE04tsBODTxk=
github.com/josharian/native v1.1.0 h1:uuaP0hAbW7Y4l0ZRQ6C9zfb7Mg1mbFKry/xzDAfmtLA=
github.com/mdlayher/genetlink v1.2.0 h1:4yrIkRV5Wfk1WfpWTcoOlGmsWgQj3OtQN9ZsbrE+XtU=
github.com/mdlayher/genetlink v1.3.2 h1:KdrNKe+CTu+IbZnm/GVUMXSqBBLqcGpRDa0xkQy56gw=
github.com/mdlayher/netlink v1.6.2 h1:D2zGSkvYsJ6NreeED3JiVTu1lj2sIYATqSaZlhPzUgQ=
github.com/mdlayher/netlink v1.7.2 h1:/UtM3ofJap7Vl4QWCPDGXY8d3GIY2UGSDbK+QWmY8/g=
github.com/mdlayher/socket v0.2.3 h1:XZA2X2TjdOwNoNPVPclRCURoX/hokBY8nkTmRZFEheM=
github.com/mdlayher/socket v0.4.1 h1:eM9y2/jlbs1M615oshPQOHZzj6R6wMT7bX5NPiQvn2U=
github.com/mikioh/ipaddr v0.0.0-20190404000644-d465c8ab6721 h1:RlZweED6sbSArvlE924+mUcZuXKLBHA35U7LN621Bws=
golang.org/x/crypto v0.8.0 h1:pd9TJtTueMTVQXzk8E2XESSMQDj/U7OUu0PqJqPXQjQ=
golang.org/x/crypto v0.8.0/go.mod h1:mRqEX+O9/h5TFCrQhkgjo2yKi0yYA+9ecGkdQoHrywE=
golang.org/x/crypto v0.14.0 h1:wBqGXzWJW6m1XrIKlAH0Hs1JJ7+9KBwnIO8v66Q9cHc=
golang.org/x/crypto v0.14.0/go.mod h1:MVFd36DqK4CsrnJYDkBA3VC4m2GkXAM0PvzMCn4JQf4=
golang.org/x/net v0.9.0 h1:aWJ/m6xSmxWBx+V0XRHTlrYrPG56jKsLdTFmsSsCzOM=
golang.org/x/sync v0.1.0 h1:wsuoTGHzEhffawBOhz5CYhcrV4IdKZbEyZjBMuTp12o=
golang.org/x/sys v0.7.0 h1:3jlCCIQZPdOYu1h8BkNvLz8Kgwtae2cagcG/VamtZRU=
golang.org/x/term v0.7.0 h1:BEvjmm5fURWqcfbSKTdpkDXYBrUS1c0m8agp14W48vQ=
golang.org/x/text v0.9.0 h1:2sjJmO8cDvYveuX97RDLsxlyUxLl+GHoLxBiRdHllBE=
golang.zx2c4.com/wireguard v0.0.0-20220920152132-bb719d3a6e2c h1:Okh6a1xpnJslG9Mn84pId1Mn+Q8cvpo4HCeeFWHo0cA=
golang.zx2c4.com/wireguard/wgctrl v0.0.0-20230215201556-9c5414ab4bde h1:ybF7AMzIUikL9x4LgwEmzhXtzRpKNqngme1VGDWz+Nk=
golang.zx2c4.com/wireguard/wgctrl v0.0.0-20230215201556-9c5414ab4bde/go.mod h1:mQqgjkW8GQQcJQsbBvK890TKqUK1DfKWkuBGbOkuMHQ=
golang.zx2c4.com/wireguard/wgctrl v0.0.0-20230429144221-925a1e7659e6 h1:CawjfCvYQH2OU3/TnxLx97WDSUDRABfT18pCOYwc2GE=
golang.zx2c4.com/wireguard/wgctrl v0.0.0-20230429144221-925a1e7659e6/go.mod h1:3rxYc4HtVcSG9gVaTs2GEBdehh+sYPOwKtyUWEOTb80=
